{
  "originHash" : "1c46e4f1da7e659a9809414c9c1763726b7bf0ff9983c23ebff18d86fc02dfef",
  "pins" : [
    {
      "identity" : "charts",
      "kind" : "remoteSourceControl",
      "location" : "https://github.com/danielgindi/Charts.git",
      "state" : {
        "revision" : "dd9c72e3d7e751e769971092a6bd72d39198ae63",
        "version" : "5.1.0"
      }
    },
    {
      "identity" : "cobrowse-sdk-ios-binary",
      "kind" : "remoteSourceControl",
      "location" : "https://github.com/cobrowseio/cobrowse-sdk-ios-binary",
      "state" : {
        "revision" : "2f226ad462d449739af28f5d2e0d3036579f6668",
        "version" : "3.2.0"
      }
    }
  ],
  "version" : 3
}
