{
  "pins" : [
    {
      "identity" : "charts",
      "kind" : "remoteSourceControl",
      "location" : "https://github.com/danielgindi/Charts.git",
      "state" : {
        "revision" : "0a229f8c914b0ec93798cee058cf75b339297513",
        "version" : "5.0.0"
      }
    },
    {
      "identity" : "cobrowse-sdk-ios-binary",
      "kind" : "remoteSourceControl",
      "location" : "https://github.com/cobrowseio/cobrowse-sdk-ios-binary.git",
      "state" : {
        "revision" : "2954a6762c751478463e4ef860c54837f4b12814",
        "version" : "2.29.4"
      }
    }
  ],
  "version" : 2
}
