{
  "pins" : [
    {
      "identity" : "charts",
      "kind" : "remoteSourceControl",
      "location" : "https://github.com/danielgindi/Charts.git",
      "state" : {
        "revision" : "dd9c72e3d7e751e769971092a6bd72d39198ae63",
        "version" : "5.1.0"
      }
    },
    {
      "identity" : "cobrowse-sdk-ios-binary",
      "kind" : "remoteSourceControl",
      "location" : "https://github.com/cobrowseio/cobrowse-sdk-ios-binary.git",
      "state" : {
        "revision" : "fa5513d34313462413e8ba7ac5f4873e0a598849",
        "version" : "2.30.3"
      }
    }
  ],
  "version" : 2
}
